{
  "name": "wink-naive-bayes-text-classifier",
  "lockfileVersion": 3,
  "requires": true,
  "packages": {
    "": {
      "dependencies": {
        "wink-naive-bayes-text-classifier": "^2.2.1"
      }
    },
    "node_modules/wink-eng-lite-web-model": {
      "version": "1.4.3",
      "resolved": "https://registry.npmjs.org/wink-eng-lite-web-model/-/wink-eng-lite-web-model-1.4.3.tgz",
      "integrity": "sha512-HAx6nmDdoCucs4RnPhlxpTqiw0/MYiiGtSyfykYM03KTxvCVjX6HNtdfBhmdUeGLzGh0M/D4WJANU42qH6/1nA==",
      "engines": {
        "node": ">=16.0.0"
      },
      "peerDependencies": {
        "wink-nlp": ">1.8.1"
      }
    },
    "node_modules/wink-helpers": {
      "version": "2.0.0",
      "resolved": "https://registry.npmjs.org/wink-helpers/-/wink-helpers-2.0.0.tgz",
      "integrity": "sha512-I/ZzXrHcNRXuoeFJmp2vMVqDI6UCK02Tds1WP4kSGAmx520gjL1BObVzF7d2ps24tyHIly9ngdB2jwhlFUjPvg=="
    },
    "node_modules/wink-naive-bayes-text-classifier": {
      "version": "2.2.1",
      "resolved": "https://registry.npmjs.org/wink-naive-bayes-text-classifier/-/wink-naive-bayes-text-classifier-2.2.1.tgz",
      "integrity": "sha512-HaysOmwofNyE40RjAG7UiURKQ0r4cPKyywlMiI4H3i/R2aL4tzGQAY5UzLxp9gy/+Doy+064uCkEGrbkK17g4g==",
      "dependencies": {
        "wink-eng-lite-web-model": "^1.4.3",
        "wink-helpers": "^2.0.0",
        "wink-nlp": "^1.12.2"
      }
    },
    "node_modules/wink-nlp": {
      "version": "1.13.0",
      "resolved": "https://registry.npmjs.org/wink-nlp/-/wink-nlp-1.13.0.tgz",
      "integrity": "sha512-aK+KAOwIkeCzCX1E9SNJ3VT5F98Fln4AYRk7XsACcHjgQzJV6Fw6dQoB4UHRybLJt65YGLiQRAXlALd8aFJBcw=="
    }
  }
}
